
Microsoft Visual Studio Solution File, Format Version 12.00
# Visual Studio 15
VisualStudioVersion = 15.0.26124.0
MinimumVisualStudioVersion = 15.0.26124.0
Project("{FAE04EC0-301F-11D3-BF4B-00C04F79EFBC}") = "API", "API\API.csproj", "{696C698A-FE09-4C64-B735-23D67C2C1F50}"
EndProject
Project("{FAE04EC0-301F-11D3-BF4B-00C04F79EFBC}") = "Core", "Core\Core.csproj", "{5AEA343C-02BA-43C7-AACE-C16050403AAE}"
EndProject
Project("{FAE04EC0-301F-11D3-BF4B-00C04F79EFBC}") = "Infrastructure", "Infrastructure\Infrastructure.csproj", "{7CE57A41-2484-44CF-8B78-955EEB15A9FC}"
EndProject
Project("{FAE04EC0-301F-11D3-BF4B-00C04F79EFBC}") = "newwebapi", "newwebapi\newwebapi.csproj", "{3D845106-A019-483F-9643-420B3ACBB3A1}"
EndProject
Global
	GlobalSection(SolutionConfigurationPlatforms) = preSolution
		Debug|Any CPU = Debug|Any CPU
		Debug|x64 = Debug|x64
		Debug|x86 = Debug|x86
		Release|Any CPU = Release|Any CPU
		Release|x64 = Release|x64
		Release|x86 = Release|x86
	EndGlobalSection
	GlobalSection(SolutionProperties) = preSolution
		HideSolutionNode = FALSE
	EndGlobalSection
	GlobalSection(ProjectConfigurationPlatforms) = postSolution
		{696C698A-FE09-4C64-B735-23D67C2C1F50}.Debug|Any CPU.ActiveCfg = Debug|Any CPU
		{696C698A-FE09-4C64-B735-23D67C2C1F50}.Debug|Any CPU.Build.0 = Debug|Any CPU
		{696C698A-FE09-4C64-B735-23D67C2C1F50}.Debug|x64.ActiveCfg = Debug|Any CPU
		{696C698A-FE09-4C64-B735-23D67C2C1F50}.Debug|x64.Build.0 = Debug|Any CPU
		{696C698A-FE09-4C64-B735-23D67C2C1F50}.Debug|x86.ActiveCfg = Debug|Any CPU
		{696C698A-FE09-4C64-B735-23D67C2C1F50}.Debug|x86.Build.0 = Debug|Any CPU
		{696C698A-FE09-4C64-B735-23D67C2C1F50}.Release|Any CPU.ActiveCfg = Release|Any CPU
		{696C698A-FE09-4C64-B735-23D67C2C1F50}.Release|Any CPU.Build.0 = Release|Any CPU
		{696C698A-FE09-4C64-B735-23D67C2C1F50}.Release|x64.ActiveCfg = Release|Any CPU
		{696C698A-FE09-4C64-B735-23D67C2C1F50}.Release|x64.Build.0 = Release|Any CPU
		{696C698A-FE09-4C64-B735-23D67C2C1F50}.Release|x86.ActiveCfg = Release|Any CPU
		{696C698A-FE09-4C64-B735-23D67C2C1F50}.Release|x86.Build.0 = Release|Any CPU
		{5AEA343C-02BA-43C7-AACE-C16050403AAE}.Debug|Any CPU.ActiveCfg = Debug|Any CPU
		{5AEA343C-02BA-43C7-AACE-C16050403AAE}.Debug|Any CPU.Build.0 = Debug|Any CPU
		{5AEA343C-02BA-43C7-AACE-C16050403AAE}.Debug|x64.ActiveCfg = Debug|Any CPU
		{5AEA343C-02BA-43C7-AACE-C16050403AAE}.Debug|x64.Build.0 = Debug|Any CPU
		{5AEA343C-02BA-43C7-AACE-C16050403AAE}.Debug|x86.ActiveCfg = Debug|Any CPU
		{5AEA343C-02BA-43C7-AACE-C16050403AAE}.Debug|x86.Build.0 = Debug|Any CPU
		{5AEA343C-02BA-43C7-AACE-C16050403AAE}.Release|Any CPU.ActiveCfg = Release|Any CPU
		{5AEA343C-02BA-43C7-AACE-C16050403AAE}.Release|Any CPU.Build.0 = Release|Any CPU
		{5AEA343C-02BA-43C7-AACE-C16050403AAE}.Release|x64.ActiveCfg = Release|Any CPU
		{5AEA343C-02BA-43C7-AACE-C16050403AAE}.Release|x64.Build.0 = Release|Any CPU
		{5AEA343C-02BA-43C7-AACE-C16050403AAE}.Release|x86.ActiveCfg = Release|Any CPU
		{5AEA343C-02BA-43C7-AACE-C16050403AAE}.Release|x86.Build.0 = Release|Any CPU
		{7CE57A41-2484-44CF-8B78-955EEB15A9FC}.Debug|Any CPU.ActiveCfg = Debug|Any CPU
		{7CE57A41-2484-44CF-8B78-955EEB15A9FC}.Debug|Any CPU.Build.0 = Debug|Any CPU
		{7CE57A41-2484-44CF-8B78-955EEB15A9FC}.Debug|x64.ActiveCfg = Debug|Any CPU
		{7CE57A41-2484-44CF-8B78-955EEB15A9FC}.Debug|x64.Build.0 = Debug|Any CPU
		{7CE57A41-2484-44CF-8B78-955EEB15A9FC}.Debug|x86.ActiveCfg = Debug|Any CPU
		{7CE57A41-2484-44CF-8B78-955EEB15A9FC}.Debug|x86.Build.0 = Debug|Any CPU
		{7CE57A41-2484-44CF-8B78-955EEB15A9FC}.Release|Any CPU.ActiveCfg = Release|Any CPU
		{7CE57A41-2484-44CF-8B78-955EEB15A9FC}.Release|Any CPU.Build.0 = Release|Any CPU
		{7CE57A41-2484-44CF-8B78-955EEB15A9FC}.Release|x64.ActiveCfg = Release|Any CPU
		{7CE57A41-2484-44CF-8B78-955EEB15A9FC}.Release|x64.Build.0 = Release|Any CPU
		{7CE57A41-2484-44CF-8B78-955EEB15A9FC}.Release|x86.ActiveCfg = Release|Any CPU
		{7CE57A41-2484-44CF-8B78-955EEB15A9FC}.Release|x86.Build.0 = Release|Any CPU
		{3D845106-A019-483F-9643-420B3ACBB3A1}.Debug|Any CPU.ActiveCfg = Debug|Any CPU
		{3D845106-A019-483F-9643-420B3ACBB3A1}.Debug|Any CPU.Build.0 = Debug|Any CPU
		{3D845106-A019-483F-9643-420B3ACBB3A1}.Debug|x64.ActiveCfg = Debug|Any CPU
		{3D845106-A019-483F-9643-420B3ACBB3A1}.Debug|x64.Build.0 = Debug|Any CPU
		{3D845106-A019-483F-9643-420B3ACBB3A1}.Debug|x86.ActiveCfg = Debug|Any CPU
		{3D845106-A019-483F-9643-420B3ACBB3A1}.Debug|x86.Build.0 = Debug|Any CPU
		{3D845106-A019-483F-9643-420B3ACBB3A1}.Release|Any CPU.ActiveCfg = Release|Any CPU
		{3D845106-A019-483F-9643-420B3ACBB3A1}.Release|Any CPU.Build.0 = Release|Any CPU
		{3D845106-A019-483F-9643-420B3ACBB3A1}.Release|x64.ActiveCfg = Release|Any CPU
		{3D845106-A019-483F-9643-420B3ACBB3A1}.Release|x64.Build.0 = Release|Any CPU
		{3D845106-A019-483F-9643-420B3ACBB3A1}.Release|x86.ActiveCfg = Release|Any CPU
		{3D845106-A019-483F-9643-420B3ACBB3A1}.Release|x86.Build.0 = Release|Any CPU
	EndGlobalSection
EndGlobal
